
Microsoft Visual Studio Solution File, Format Version 12.00
# Visual Studio 15
VisualStudioVersion = 15.0.26430.6
MinimumVisualStudioVersion = 10.0.40219.1
Project("{2150E333-8FDC-42A3-9474-1A3956D46DE8}") = "Solution Items", "Solution Items", "{8E0926EA-6EC7-4757-9A9D-5A9E8558295B}"
EndProject
Project("{FAE04EC0-301F-11D3-BF4B-00C04F79EFBC}") = "XSwap.CLI", "XSwap.CLI\XSwap.CLI.csproj", "{505AEC85-EF8B-4B60-97D6-2B80FF6D71FA}"
EndProject
Project("{FAE04EC0-301F-11D3-BF4B-00C04F79EFBC}") = "XSwap.Tests", "XSwap.Tests\XSwap.Tests.csproj", "{29BEB559-78B9-4827-B3D7-C730EAF6C6E3}"
EndProject
Global
	GlobalSection(SolutionConfigurationPlatforms) = preSolution
		Debug|Any CPU = Debug|Any CPU
		Release|Any CPU = Release|Any CPU
	EndGlobalSection
	GlobalSection(ProjectConfigurationPlatforms) = postSolution
		{505AEC85-EF8B-4B60-97D6-2B80FF6D71FA}.Debug|Any CPU.ActiveCfg = Debug|Any CPU
		{505AEC85-EF8B-4B60-97D6-2B80FF6D71FA}.Debug|Any CPU.Build.0 = Debug|Any CPU
		{505AEC85-EF8B-4B60-97D6-2B80FF6D71FA}.Release|Any CPU.ActiveCfg = Release|Any CPU
		{505AEC85-EF8B-4B60-97D6-2B80FF6D71FA}.Release|Any CPU.Build.0 = Release|Any CPU
		{29BEB559-78B9-4827-B3D7-C730EAF6C6E3}.Debug|Any CPU.ActiveCfg = Debug|Any CPU
		{29BEB559-78B9-4827-B3D7-C730EAF6C6E3}.Debug|Any CPU.Build.0 = Debug|Any CPU
		{29BEB559-78B9-4827-B3D7-C730EAF6C6E3}.Release|Any CPU.ActiveCfg = Release|Any CPU
		{29BEB559-78B9-4827-B3D7-C730EAF6C6E3}.Release|Any CPU.Build.0 = Release|Any CPU
	EndGlobalSection
	GlobalSection(SolutionProperties) = preSolution
		HideSolutionNode = FALSE
	EndGlobalSection
EndGlobal
